
Microsoft Visual Studio Solution File, Format Version 12.00
# Visual Studio Version 17
VisualStudioVersion = 17.14.36121.58 d17.14
MinimumVisualStudioVersion = 10.0.40219.1
Project("{FAE04EC0-301F-11D3-BF4B-00C04F79EFBC}") = "CommInstallBuilder", "CommInstallBuilder\CommInstallBuilder.csproj", "{C778ACF7-D3BE-49DF-A71D-B496B4EC745C}"
EndProject
Project("{FAE04EC0-301F-11D3-BF4B-00C04F79EFBC}") = "CommInstallStub", "CommInstallStub\CommInstallStub.csproj", "{F882251B-7D37-4EB5-B908-B7350B062F0A}"
EndProject
Global
	GlobalSection(SolutionConfigurationPlatforms) = preSolution
		Debug|Any CPU = Debug|Any CPU
		Release|Any CPU = Release|Any CPU
	EndGlobalSection
	GlobalSection(ProjectConfigurationPlatforms) = postSolution
		{C778ACF7-D3BE-49DF-A71D-B496B4EC745C}.Debug|Any CPU.ActiveCfg = Debug|Any CPU
		{C778ACF7-D3BE-49DF-A71D-B496B4EC745C}.Debug|Any CPU.Build.0 = Debug|Any CPU
		{C778ACF7-D3BE-49DF-A71D-B496B4EC745C}.Release|Any CPU.ActiveCfg = Release|Any CPU
		{C778ACF7-D3BE-49DF-A71D-B496B4EC745C}.Release|Any CPU.Build.0 = Release|Any CPU
		{F882251B-7D37-4EB5-B908-B7350B062F0A}.Debug|Any CPU.ActiveCfg = Debug|Any CPU
		{F882251B-7D37-4EB5-B908-B7350B062F0A}.Debug|Any CPU.Build.0 = Debug|Any CPU
		{F882251B-7D37-4EB5-B908-B7350B062F0A}.Release|Any CPU.ActiveCfg = Release|Any CPU
		{F882251B-7D37-4EB5-B908-B7350B062F0A}.Release|Any CPU.Build.0 = Release|Any CPU
	EndGlobalSection
	GlobalSection(SolutionProperties) = preSolution
		HideSolutionNode = FALSE
	EndGlobalSection
	GlobalSection(ExtensibilityGlobals) = postSolution
		SolutionGuid = {B5F40D59-E606-48CC-A08B-271640847927}
	EndGlobalSection
EndGlobal
